// !$*UTF8*$!
{
	archiveVersion = 1;
	classes = {
	};
	objectVersion = 50;
	objects = {

/* Begin PBXBuildFile section */
		1FA2049222308A29008C0CFE /* CategoryTableViewController.swift in Sources */ = {isa = PBXBuildFile; fileRef = 1FA2049122308A29008C0CFE /* CategoryTableViewController.swift */; };
		1FA2049A2230BBD1008C0CFE /* Category.swift in Sources */ = {isa = PBXBuildFile; fileRef = 1FA204992230BBD1008C0CFE /* Category.swift */; };
		1FA2049C2230BD09008C0CFE /* Item.swift in Sources */ = {isa = PBXBuildFile; fileRef = 1FA2049B2230BD09008C0CFE /* Item.swift */; };
		1FA204A022316480008C0CFE /* DeleteTableViewController.swift in Sources */ = {isa = PBXBuildFile; fileRef = 1FA2049F22316480008C0CFE /* DeleteTableViewController.swift */; };
		1FD3648A222DE33F000B7AEA /* AppDelegate.swift in Sources */ = {isa = PBXBuildFile; fileRef = 1FD36489222DE33F000B7AEA /* AppDelegate.swift */; };
		1FD3648F222DE33F000B7AEA /* Main.storyboard in Resources */ = {isa = PBXBuildFile; fileRef = 1FD3648D222DE33F000B7AEA /* Main.storyboard */; };
		1FD36494222DE340000B7AEA /* Assets.xcassets in Resources */ = {isa = PBXBuildFile; fileRef = 1FD36493222DE340000B7AEA /* Assets.xcassets */; };
		1FD36497222DE340000B7AEA /* LaunchScreen.storyboard in Resources */ = {isa = PBXBuildFile; fileRef = 1FD36495222DE340000B7AEA /* LaunchScreen.storyboard */; };
		1FD364A3222DE633000B7AEA /* ListTableViewController.swift in Sources */ = {isa = PBXBuildFile; fileRef = 1FD364A2222DE633000B7AEA /* ListTableViewController.swift */; };
		47E048D84D711CC9963CC27D /* Pods_Todoey.framework in Frameworks */ = {isa = PBXBuildFile; fileRef = 2D1199955B291D3856AB5361 /* Pods_Todoey.framework */; };
/* End PBXBuildFile section */

/* Begin PBXFileReference section */
		1FA2049122308A29008C0CFE /* CategoryTableViewController.swift */ = {isa = PBXFileReference; lastKnownFileType = sourcecode.swift; path = CategoryTableViewController.swift; sourceTree = "<group>"; };
		1FA204992230BBD1008C0CFE /* Category.swift */ = {isa = PBXFileReference; lastKnownFileType = sourcecode.swift; path = Category.swift; sourceTree = "<group>"; };
		1FA2049B2230BD09008C0CFE /* Item.swift */ = {isa = PBXFileReference; lastKnownFileType = sourcecode.swift; path = Item.swift; sourceTree = "<group>"; };
		1FA2049F22316480008C0CFE /* DeleteTableViewController.swift */ = {isa = PBXFileReference; lastKnownFileType = sourcecode.swift; path = DeleteTableViewController.swift; sourceTree = "<group>"; };
		1FD36486222DE33F000B7AEA /* Todoey.app */ = {isa = PBXFileReference; explicitFileType = wrapper.application; includeInIndex = 0; path = Todoey.app; sourceTree = BUILT_PRODUCTS_DIR; };
		1FD36489222DE33F000B7AEA /* AppDelegate.swift */ = {isa = PBXFileReference; lastKnownFileType = sourcecode.swift; path = AppDelegate.swift; sourceTree = "<group>"; };
		1FD3648E222DE33F000B7AEA /* Base */ = {isa = PBXFileReference; lastKnownFileType = file.storyboard; name = Base; path = Base.lproj/Main.storyboard; sourceTree = "<group>"; };
		1FD36493222DE340000B7AEA /* Assets.xcassets */ = {isa = PBXFileReference; lastKnownFileType = folder.assetcatalog; path = Assets.xcassets; sourceTree = "<group>"; };
		1FD36496222DE340000B7AEA /* Base */ = {isa = PBXFileReference; lastKnownFileType = file.storyboard; name = Base; path = Base.lproj/LaunchScreen.storyboard; sourceTree = "<group>"; };
		1FD36498222DE340000B7AEA /* Info.plist */ = {isa = PBXFileReference; lastKnownFileType = text.plist.xml; path = Info.plist; sourceTree = "<group>"; };
		1FD364A2222DE633000B7AEA /* ListTableViewController.swift */ = {isa = PBXFileReference; lastKnownFileType = sourcecode.swift; path = ListTableViewController.swift; sourceTree = "<group>"; };
		2D1199955B291D3856AB5361 /* Pods_Todoey.framework */ = {isa = PBXFileReference; explicitFileType = wrapper.framework; includeInIndex = 0; path = Pods_Todoey.framework; sourceTree = BUILT_PRODUCTS_DIR; };
		4E0C5E9384558A16A80F1CC1 /* Pods-Todoey.debug.xcconfig */ = {isa = PBXFileReference; includeInIndex = 1; lastKnownFileType = text.xcconfig; name = "Pods-Todoey.debug.xcconfig"; path = "Target Support Files/Pods-Todoey/Pods-Todoey.debug.xcconfig"; sourceTree = "<group>"; };
		B046271CEC5F45E48F1F0FF0 /* Pods-Todoey.release.xcconfig */ = {isa = PBXFileReference; includeInIndex = 1; lastKnownFileType = text.xcconfig; name = "Pods-Todoey.release.xcconfig"; path = "Target Support Files/Pods-Todoey/Pods-Todoey.release.xcconfig"; sourceTree = "<group>"; };
/* End PBXFileReference section */

/* Begin PBXFrameworksBuildPhase section */
		1FD36483222DE33F000B7AEA /* Frameworks */ = {
			isa = PBXFrameworksBuildPhase;
			buildActionMask = 2147483647;
			files = (
				47E048D84D711CC9963CC27D /* Pods_Todoey.framework in Frameworks */,
			);
			runOnlyForDeploymentPostprocessing = 0;
		};
/* End PBXFrameworksBuildPhase section */

/* Begin PBXGroup section */
		1FD3647D222DE33F000B7AEA = {
			isa = PBXGroup;
			children = (
				1FD364A1222DE377000B7AEA /* SupportFile */,
				1FD364A0222DE372000B7AEA /* View */,
				1FD3649F222DE36C000B7AEA /* Controller */,
				1FD3649E222DE365000B7AEA /* Model */,
				1FD36488222DE33F000B7AEA /* Todoey */,
				1FD36487222DE33F000B7AEA /* Products */,
				38385A978FEE7A67A90394EC /* Pods */,
				249D5C00E766218D98928340 /* Frameworks */,
			);
			sourceTree = "<group>";
		};
		1FD36487222DE33F000B7AEA /* Products */ = {
			isa = PBXGroup;
			children = (
				1FD36486222DE33F000B7AEA /* Todoey.app */,
			);
			name = Products;
			sourceTree = "<group>";
		};
		1FD36488222DE33F000B7AEA /* Todoey */ = {
			isa = PBXGroup;
			children = (
				1FD36489222DE33F000B7AEA /* AppDelegate.swift */,
				1FD36493222DE340000B7AEA /* Assets.xcassets */,
				1FD36495222DE340000B7AEA /* LaunchScreen.storyboard */,
				1FD36498222DE340000B7AEA /* Info.plist */,
			);
			path = Todoey;
			sourceTree = "<group>";
		};
		1FD3649E222DE365000B7AEA /* Model */ = {
			isa = PBXGroup;
			children = (
				1FA204992230BBD1008C0CFE /* Category.swift */,
				1FA2049B2230BD09008C0CFE /* Item.swift */,
			);
			path = Model;
			sourceTree = "<group>";
		};
		1FD3649F222DE36C000B7AEA /* Controller */ = {
			isa = PBXGroup;
			children = (
				1FA2049122308A29008C0CFE /* CategoryTableViewController.swift */,
				1FD364A2222DE633000B7AEA /* ListTableViewController.swift */,
				1FA2049F22316480008C0CFE /* DeleteTableViewController.swift */,
			);
			path = Controller;
			sourceTree = "<group>";
		};
		1FD364A0222DE372000B7AEA /* View */ = {
			isa = PBXGroup;
			children = (
				1FD3648D222DE33F000B7AEA /* Main.storyboard */,
			);
			path = View;
			sourceTree = "<group>";
		};
		1FD364A1222DE377000B7AEA /* SupportFile */ = {
			isa = PBXGroup;
			children = (
			);
			path = SupportFile;
			sourceTree = "<group>";
		};
		249D5C00E766218D98928340 /* Frameworks */ = {
			isa = PBXGroup;
			children = (
				2D1199955B291D3856AB5361 /* Pods_Todoey.framework */,
			);
			name = Frameworks;
			sourceTree = "<group>";
		};
		38385A978FEE7A67A90394EC /* Pods */ = {
			isa = PBXGroup;
			children = (
				4E0C5E9384558A16A80F1CC1 /* Pods-Todoey.debug.xcconfig */,
				B046271CEC5F45E48F1F0FF0 /* Pods-Todoey.release.xcconfig */,
			);
			path = Pods;
			sourceTree = "<group>";
		};
/* End PBXGroup section */

/* Begin PBXNativeTarget section */
		1FD36485222DE33F000B7AEA /* Todoey */ = {
			isa = PBXNativeTarget;
			buildConfigurationList = 1FD3649B222DE340000B7AEA /* Build configuration list for PBXNativeTarget "Todoey" */;
			buildPhases = (
				CFC3138637978686A97BEB63 /* [CP] Check Pods Manifest.lock */,
				1FD36482222DE33F000B7AEA /* Sources */,
				1FD36483222DE33F000B7AEA /* Frameworks */,
				1FD36484222DE33F000B7AEA /* Resources */,
				27C37C9D392BE92159BBC36F /* [CP] Embed Pods Frameworks */,
			);
			buildRules = (
			);
			dependencies = (
			);
			name = Todoey;
			productName = Todoey;
			productReference = 1FD36486222DE33F000B7AEA /* Todoey.app */;
			productType = "com.apple.product-type.application";
		};
/* End PBXNativeTarget section */

/* Begin PBXProject section */
		1FD3647E222DE33F000B7AEA /* Project object */ = {
			isa = PBXProject;
			attributes = {
				LastSwiftUpdateCheck = 1010;
				LastUpgradeCheck = 1010;
				ORGANIZATIONNAME = "ogya 1";
				TargetAttributes = {
					1FD36485222DE33F000B7AEA = {
						CreatedOnToolsVersion = 10.1;
					};
				};
			};
			buildConfigurationList = 1FD36481222DE33F000B7AEA /* Build configuration list for PBXProject "Todoey" */;
			compatibilityVersion = "Xcode 9.3";
			developmentRegion = en;
			hasScannedForEncodings = 0;
			knownRegions = (
				en,
				Base,
			);
			mainGroup = 1FD3647D222DE33F000B7AEA;
			productRefGroup = 1FD36487222DE33F000B7AEA /* Products */;
			projectDirPath = "";
			projectRoot = "";
			targets = (
				1FD36485222DE33F000B7AEA /* Todoey */,
			);
		};
/* End PBXProject section */

/* Begin PBXResourcesBuildPhase section */
		1FD36484222DE33F000B7AEA /* Resources */ = {
			isa = PBXResourcesBuildPhase;
			buildActionMask = 2147483647;
			files = (
				1FD36497222DE340000B7AEA /* LaunchScreen.storyboard in Resources */,
				1FD36494222DE340000B7AEA /* Assets.xcassets in Resources */,
				1FD3648F222DE33F000B7AEA /* Main.storyboard in Resources */,
			);
			runOnlyForDeploymentPostprocessing = 0;
		};
/* End PBXResourcesBuildPhase section */

/* Begin PBXShellScriptBuildPhase section */
		27C37C9D392BE92159BBC36F /* [CP] Embed Pods Frameworks */ = {
			isa = PBXShellScriptBuildPhase;
			buildActionMask = 2147483647;
			files = (
			);
			inputFileListPaths = (
			);
			inputPaths = (
				"${PODS_ROOT}/Target Support Files/Pods-Todoey/Pods-Todoey-frameworks.sh",
				"${BUILT_PRODUCTS_DIR}/Realm/Realm.framework",
				"${BUILT_PRODUCTS_DIR}/RealmSwift/RealmSwift.framework",
				"${BUILT_PRODUCTS_DIR}/SwipeCellKit/SwipeCellKit.framework",
			);
			name = "[CP] Embed Pods Frameworks";
			outputFileListPaths = (
			);
			outputPaths = (
				"${TARGET_BUILD_DIR}/${FRAMEWORKS_FOLDER_PATH}/Realm.framework",
				"${TARGET_BUILD_DIR}/${FRAMEWORKS_FOLDER_PATH}/RealmSwift.framework",
				"${TARGET_BUILD_DIR}/${FRAMEWORKS_FOLDER_PATH}/SwipeCellKit.framework",
			);
			runOnlyForDeploymentPostprocessing = 0;
			shellPath = /bin/sh;
			shellScript = "\"${PODS_ROOT}/Target Support Files/Pods-Todoey/Pods-Todoey-frameworks.sh\"\n";
			showEnvVarsInLog = 0;
		};
		CFC3138637978686A97BEB63 /* [CP] Check Pods Manifest.lock */ = {
			isa = PBXShellScriptBuildPhase;
			buildActionMask = 2147483647;
			files = (
			);
			inputFileListPaths = (
			);
			inputPaths = (
				"${PODS_PODFILE_DIR_PATH}/Podfile.lock",
				"${PODS_ROOT}/Manifest.lock",
			);
			name = "[CP] Check Pods Manifest.lock";
			outputFileListPaths = (
			);
			outputPaths = (
				"$(DERIVED_FILE_DIR)/Pods-Todoey-checkManifestLockResult.txt",
			);
			runOnlyForDeploymentPostprocessing = 0;
			shellPath = /bin/sh;
			shellScript = "diff \"${PODS_PODFILE_DIR_PATH}/Podfile.lock\" \"${PODS_ROOT}/Manifest.lock\" > /dev/null\nif [ $? != 0 ] ; then\n    # print error to STDERR\n    echo \"error: The sandbox is not in sync with the Podfile.lock. Run 'pod install' or update your CocoaPods installation.\" >&2\n    exit 1\nfi\n# This output is used by Xcode 'outputs' to avoid re-running this script phase.\necho \"SUCCESS\" > \"${SCRIPT_OUTPUT_FILE_0}\"\n";
			showEnvVarsInLog = 0;
		};
/* End PBXShellScriptBuildPhase section */

/* Begin PBXSourcesBuildPhase section */
		1FD36482222DE33F000B7AEA /* Sources */ = {
			isa = PBXSourcesBuildPhase;
			buildActionMask = 2147483647;
			files = (
				1FA204A022316480008C0CFE /* DeleteTableViewController.swift in Sources */,
				1FA2049C2230BD09008C0CFE /* Item.swift in Sources */,
				1FD3648A222DE33F000B7AEA /* AppDelegate.swift in Sources */,
				1FA2049A2230BBD1008C0CFE /* Category.swift in Sources */,
				1FD364A3222DE633000B7AEA /* ListTableViewController.swift in Sources */,
				1FA2049222308A29008C0CFE /* CategoryTableViewController.swift in Sources */,
			);
			runOnlyForDeploymentPostprocessing = 0;
		};
/* End PBXSourcesBuildPhase section */

/* Begin PBXVariantGroup section */
		1FD3648D222DE33F000B7AEA /* Main.storyboard */ = {
			isa = PBXVariantGroup;
			children = (
				1FD3648E222DE33F000B7AEA /* Base */,
			);
			name = Main.storyboard;
			sourceTree = "<group>";
		};
		1FD36495222DE340000B7AEA /* LaunchScreen.storyboard */ = {
			isa = PBXVariantGroup;
			children = (
				1FD36496222DE340000B7AEA /* Base */,
			);
			name = LaunchScreen.storyboard;
			sourceTree = "<group>";
		};
/* End PBXVariantGroup section */

/* Begin XCBuildConfiguration section */
		1FD36499222DE340000B7AEA /* Debug */ = {
			isa = XCBuildConfiguration;
			buildSettings = {
				ALWAYS_SEARCH_USER_PATHS = NO;
				CLANG_ANALYZER_NONNULL = YES;
				CLANG_ANALYZER_NUMBER_OBJECT_CONVERSION = YES_AGGRESSIVE;
				CLANG_CXX_LANGUAGE_STANDARD = "gnu++14";
				CLANG_CXX_LIBRARY = "libc++";
				CLANG_ENABLE_MODULES = YES;
				CLANG_ENABLE_OBJC_ARC = YES;
				CLANG_ENABLE_OBJC_WEAK = YES;
				CLANG_WARN_BLOCK_CAPTURE_AUTORELEASING = YES;
				CLANG_WARN_BOOL_CONVERSION = YES;
				CLANG_WARN_COMMA = YES;
				CLANG_WARN_CONSTANT_CONVERSION = YES;
				CLANG_WARN_DEPRECATED_OBJC_IMPLEMENTATIONS = YES;
				CLANG_WARN_DIRECT_OBJC_ISA_USAGE = YES_ERROR;
				CLANG_WARN_DOCUMENTATION_COMMENTS = YES;
				CLANG_WARN_EMPTY_BODY = YES;
				CLANG_WARN_ENUM_CONVERSION = YES;
				CLANG_WARN_INFINITE_RECURSION = YES;
				CLANG_WARN_INT_CONVERSION = YES;
				CLANG_WARN_NON_LITERAL_NULL_CONVERSION = YES;
				CLANG_WARN_OBJC_IMPLICIT_RETAIN_SELF = YES;
				CLANG_WARN_OBJC_LITERAL_CONVERSION = YES;
				CLANG_WARN_OBJC_ROOT_CLASS = YES_ERROR;
				CLANG_WARN_RANGE_LOOP_ANALYSIS = YES;
				CLANG_WARN_STRICT_PROTOTYPES = YES;
				CLANG_WARN_SUSPICIOUS_MOVE = YES;
				CLANG_WARN_UNGUARDED_AVAILABILITY = YES_AGGRESSIVE;
				CLANG_WARN_UNREACHABLE_CODE = YES;
				CLANG_WARN__DUPLICATE_METHOD_MATCH = YES;
				CODE_SIGN_IDENTITY = "iPhone Developer";
				COPY_PHASE_STRIP = NO;
				DEBUG_INFORMATION_FORMAT = dwarf;
				ENABLE_STRICT_OBJC_MSGSEND = YES;
				ENABLE_TESTABILITY = YES;
				GCC_C_LANGUAGE_STANDARD = gnu11;
				GCC_DYNAMIC_NO_PIC = NO;
				GCC_NO_COMMON_BLOCKS = YES;
				GCC_OPTIMIZATION_LEVEL = 0;
				GCC_PREPROCESSOR_DEFINITIONS = (
					"DEBUG=1",
					"$(inherited)",
				);
				GCC_WARN_64_TO_32_BIT_CONVERSION = YES;
				GCC_WARN_ABOUT_RETURN_TYPE = YES_ERROR;
				GCC_WARN_UNDECLARED_SELECTOR = YES;
				GCC_WARN_UNINITIALIZED_AUTOS = YES_AGGRESSIVE;
				GCC_WARN_UNUSED_FUNCTION = YES;
				GCC_WARN_UNUSED_VARIABLE = YES;
				IPHONEOS_DEPLOYMENT_TARGET = 12.1;
				MTL_ENABLE_DEBUG_INFO = INCLUDE_SOURCE;
				MTL_FAST_MATH = YES;
				ONLY_ACTIVE_ARCH = YES;
				SDKROOT = iphoneos;
				SWIFT_ACTIVE_COMPILATION_CONDITIONS = DEBUG;
				SWIFT_OPTIMIZATION_LEVEL = "-Onone";
			};
			name = Debug;
		};
		1FD3649A222DE340000B7AEA /* Release */ = {
			isa = XCBuildConfiguration;
			buildSettings = {
				ALWAYS_SEARCH_USER_PATHS = NO;
				CLANG_ANALYZER_NONNULL = YES;
				CLANG_ANALYZER_NUMBER_OBJECT_CONVERSION = YES_AGGRESSIVE;
				CLANG_CXX_LANGUAGE_STANDARD = "gnu++14";
				CLANG_CXX_LIBRARY = "libc++";
				CLANG_ENABLE_MODULES = YES;
				CLANG_ENABLE_OBJC_ARC = YES;
				CLANG_ENABLE_OBJC_WEAK = YES;
				CLANG_WARN_BLOCK_CAPTURE_AUTORELEASING = YES;
				CLANG_WARN_BOOL_CONVERSION = YES;
				CLANG_WARN_COMMA = YES;
				CLANG_WARN_CONSTANT_CONVERSION = YES;
				CLANG_WARN_DEPRECATED_OBJC_IMPLEMENTATIONS = YES;
				CLANG_WARN_DIRECT_OBJC_ISA_USAGE = YES_ERROR;
				CLANG_WARN_DOCUMENTATION_COMMENTS = YES;
				CLANG_WARN_EMPTY_BODY = YES;
				CLANG_WARN_ENUM_CONVERSION = YES;
				CLANG_WARN_INFINITE_RECURSION = YES;
				CLANG_WARN_INT_CONVERSION = YES;
				CLANG_WARN_NON_LITERAL_NULL_CONVERSION = YES;
				CLANG_WARN_OBJC_IMPLICIT_RETAIN_SELF = YES;
				CLANG_WARN_OBJC_LITERAL_CONVERSION = YES;
				CLANG_WARN_OBJC_ROOT_CLASS = YES_ERROR;
				CLANG_WARN_RANGE_LOOP_ANALYSIS = YES;
				CLANG_WARN_STRICT_PROTOTYPES = YES;
				CLANG_WARN_SUSPICIOUS_MOVE = YES;
				CLANG_WARN_UNGUARDED_AVAILABILITY = YES_AGGRESSIVE;
				CLANG_WARN_UNREACHABLE_CODE = YES;
				CLANG_WARN__DUPLICATE_METHOD_MATCH = YES;
				CODE_SIGN_IDENTITY = "iPhone Developer";
				COPY_PHASE_STRIP = NO;
				DEBUG_INFORMATION_FORMAT = "dwarf-with-dsym";
				ENABLE_NS_ASSERTIONS = NO;
				ENABLE_STRICT_OBJC_MSGSEND = YES;
				GCC_C_LANGUAGE_STANDARD = gnu11;
				GCC_NO_COMMON_BLOCKS = YES;
				GCC_WARN_64_TO_32_BIT_CONVERSION = YES;
				GCC_WARN_ABOUT_RETURN_TYPE = YES_ERROR;
				GCC_WARN_UNDECLARED_SELECTOR = YES;
				GCC_WARN_UNINITIALIZED_AUTOS = YES_AGGRESSIVE;
				GCC_WARN_UNUSED_FUNCTION = YES;
				GCC_WARN_UNUSED_VARIABLE = YES;
				IPHONEOS_DEPLOYMENT_TARGET = 12.1;
				MTL_ENABLE_DEBUG_INFO = NO;
				MTL_FAST_MATH = YES;
				SDKROOT = iphoneos;
				SWIFT_COMPILATION_MODE = wholemodule;
				SWIFT_OPTIMIZATION_LEVEL = "-O";
				VALIDATE_PRODUCT = YES;
			};
			name = Release;
		};
		1FD3649C222DE340000B7AEA /* Debug */ = {
			isa = XCBuildConfiguration;
			baseConfigurationReference = 4E0C5E9384558A16A80F1CC1 /* Pods-Todoey.debug.xcconfig */;
			buildSettings = {
				ASSETCATALOG_COMPILER_APPICON_NAME = AppIcon;
				CODE_SIGN_STYLE = Automatic;
				DEVELOPMENT_TEAM = ND3T7PWT4U;
				INFOPLIST_FILE = Todoey/Info.plist;
				LD_RUNPATH_SEARCH_PATHS = (
					"$(inherited)",
					"@executable_path/Frameworks",
				);
				PRODUCT_BUNDLE_IDENTIFIER = arif.Todoey;
				PRODUCT_NAME = "$(TARGET_NAME)";
				SWIFT_VERSION = 4.2;
				TARGETED_DEVICE_FAMILY = "1,2";
			};
			name = Debug;
		};
		1FD3649D222DE340000B7AEA /* Release */ = {
			isa = XCBuildConfiguration;
			baseConfigurationReference = B046271CEC5F45E48F1F0FF0 /* Pods-Todoey.release.xcconfig */;
			buildSettings = {
				ASSETCATALOG_COMPILER_APPICON_NAME = AppIcon;
				CODE_SIGN_STYLE = Automatic;
				DEVELOPMENT_TEAM = ND3T7PWT4U;
				INFOPLIST_FILE = Todoey/Info.plist;
				LD_RUNPATH_SEARCH_PATHS = (
					"$(inherited)",
					"@executable_path/Frameworks",
				);
				PRODUCT_BUNDLE_IDENTIFIER = arif.Todoey;
				PRODUCT_NAME = "$(TARGET_NAME)";
				SWIFT_VERSION = 4.2;
				TARGETED_DEVICE_FAMILY = "1,2";
			};
			name = Release;
		};
/* End XCBuildConfiguration section */

/* Begin XCConfigurationList section */
		1FD36481222DE33F000B7AEA /* Build configuration list for PBXProject "Todoey" */ = {
			isa = XCConfigurationList;
			buildConfigurations = (
				1FD36499222DE340000B7AEA /* Debug */,
				1FD3649A222DE340000B7AEA /* Release */,
			);
			defaultConfigurationIsVisible = 0;
			defaultConfigurationName = Release;
		};
		1FD3649B222DE340000B7AEA /* Build configuration list for PBXNativeTarget "Todoey" */ = {
			isa = XCConfigurationList;
			buildConfigurations = (
				1FD3649C222DE340000B7AEA /* Debug */,
				1FD3649D222DE340000B7AEA /* Release */,
			);
			defaultConfigurationIsVisible = 0;
			defaultConfigurationName = Release;
		};
/* End XCConfigurationList section */
	};
	rootObject = 1FD3647E222DE33F000B7AEA /* Project object */;
}
